// !$*UTF8*$!
{
	archiveVersion = 1;
	classes = {
	};
	objectVersion = 50;
	objects = {

/* Begin PBXBuildFile section */
		1F6147B9E246FC3E67C6A4C7 /* Pods_Excercise.framework in Frameworks */ = {isa = PBXBuildFile; fileRef = 470EB430609DC01BDAD206BD /* Pods_Excercise.framework */; };
		27FF10F521910C040007217D /* AppDelegate.swift in Sources */ = {isa = PBXBuildFile; fileRef = 27FF10F421910C040007217D /* AppDelegate.swift */; };
		27FF10FA21910C040007217D /* Main.storyboard in Resources */ = {isa = PBXBuildFile; fileRef = 27FF10F821910C040007217D /* Main.storyboard */; };
		27FF10FC21910C110007217D /* Assets.xcassets in Resources */ = {isa = PBXBuildFile; fileRef = 27FF10FB21910C110007217D /* Assets.xcassets */; };
		27FF10FF21910C110007217D /* LaunchScreen.storyboard in Resources */ = {isa = PBXBuildFile; fileRef = 27FF10FD21910C110007217D /* LaunchScreen.storyboard */; };
		27FF111C219114B10007217D /* APIClient.swift in Sources */ = {isa = PBXBuildFile; fileRef = 27FF111B219114B10007217D /* APIClient.swift */; };
		27FF111E2191159C0007217D /* Connectivity.swift in Sources */ = {isa = PBXBuildFile; fileRef = 27FF111D2191159C0007217D /* Connectivity.swift */; };
		27FF112E219117D30007217D /* ListModel.swift in Sources */ = {isa = PBXBuildFile; fileRef = 27FF112D219117D30007217D /* ListModel.swift */; };
		27FF1130219117FB0007217D /* ListViewModel.swift in Sources */ = {isa = PBXBuildFile; fileRef = 27FF112F219117FB0007217D /* ListViewModel.swift */; };
		27FF1132219119090007217D /* ListViewController.swift in Sources */ = {isa = PBXBuildFile; fileRef = 27FF1131219119090007217D /* ListViewController.swift */; };
		27FF113521911D390007217D /* ListTableViewCell.swift in Sources */ = {isa = PBXBuildFile; fileRef = 27FF113421911D390007217D /* ListTableViewCell.swift */; };
		27FF1137219120500007217D /* UIImageView+Extensions.swift in Sources */ = {isa = PBXBuildFile; fileRef = 27FF1136219120500007217D /* UIImageView+Extensions.swift */; };
		27FF11392191215B0007217D /* UIView+Extension.swift in Sources */ = {isa = PBXBuildFile; fileRef = 27FF11382191215B0007217D /* UIView+Extension.swift */; };
		27FF1143219126170007217D /* ExcerciseTests.swift in Sources */ = {isa = PBXBuildFile; fileRef = 27FF1142219126170007217D /* ExcerciseTests.swift */; };
		FC77F5352191900500CADB50 /* ExcerciseUITests.swift in Sources */ = {isa = PBXBuildFile; fileRef = FC77F5342191900500CADB50 /* ExcerciseUITests.swift */; };
		FC77F53D21941C8100CADB50 /* ListDesignViewController.swift in Sources */ = {isa = PBXBuildFile; fileRef = FC77F53C21941C8100CADB50 /* ListDesignViewController.swift */; };
		FC77F53F21941E8700CADB50 /* UIView+Anchors.swift in Sources */ = {isa = PBXBuildFile; fileRef = FC77F53E21941E8700CADB50 /* UIView+Anchors.swift */; };
		FC77F5412194231100CADB50 /* ListCustomCell.swift in Sources */ = {isa = PBXBuildFile; fileRef = FC77F5402194231100CADB50 /* ListCustomCell.swift */; };
/* End PBXBuildFile section */

/* Begin PBXContainerItemProxy section */
		27FF1145219126170007217D /* PBXContainerItemProxy */ = {
			isa = PBXContainerItemProxy;
			containerPortal = 27FF10E921910C040007217D /* Project object */;
			proxyType = 1;
			remoteGlobalIDString = 27FF10F021910C040007217D;
			remoteInfo = Excercise;
		};
		FC77F5372191900500CADB50 /* PBXContainerItemProxy */ = {
			isa = PBXContainerItemProxy;
			containerPortal = 27FF10E921910C040007217D /* Project object */;
			proxyType = 1;
			remoteGlobalIDString = 27FF10F021910C040007217D;
			remoteInfo = Excercise;
		};
/* End PBXContainerItemProxy section */

/* Begin PBXFileReference section */
		27FF10F121910C040007217D /* Excercise.app */ = {isa = PBXFileReference; explicitFileType = wrapper.application; includeInIndex = 0; path = Excercise.app; sourceTree = BUILT_PRODUCTS_DIR; };
		27FF10F421910C040007217D /* AppDelegate.swift */ = {isa = PBXFileReference; lastKnownFileType = sourcecode.swift; path = AppDelegate.swift; sourceTree = "<group>"; };
		27FF10F921910C040007217D /* Base */ = {isa = PBXFileReference; lastKnownFileType = file.storyboard; name = Base; path = Base.lproj/Main.storyboard; sourceTree = "<group>"; };
		27FF10FB21910C110007217D /* Assets.xcassets */ = {isa = PBXFileReference; lastKnownFileType = folder.assetcatalog; path = Assets.xcassets; sourceTree = "<group>"; };
		27FF10FE21910C110007217D /* Base */ = {isa = PBXFileReference; lastKnownFileType = file.storyboard; name = Base; path = Base.lproj/LaunchScreen.storyboard; sourceTree = "<group>"; };
		27FF110021910C110007217D /* Info.plist */ = {isa = PBXFileReference; lastKnownFileType = text.plist.xml; path = Info.plist; sourceTree = "<group>"; };
		27FF111B219114B10007217D /* APIClient.swift */ = {isa = PBXFileReference; lastKnownFileType = sourcecode.swift; path = APIClient.swift; sourceTree = "<group>"; };
		27FF111D2191159C0007217D /* Connectivity.swift */ = {isa = PBXFileReference; lastKnownFileType = sourcecode.swift; path = Connectivity.swift; sourceTree = "<group>"; };
		27FF112D219117D30007217D /* ListModel.swift */ = {isa = PBXFileReference; lastKnownFileType = sourcecode.swift; path = ListModel.swift; sourceTree = "<group>"; };
		27FF112F219117FB0007217D /* ListViewModel.swift */ = {isa = PBXFileReference; lastKnownFileType = sourcecode.swift; path = ListViewModel.swift; sourceTree = "<group>"; };
		27FF1131219119090007217D /* ListViewController.swift */ = {isa = PBXFileReference; lastKnownFileType = sourcecode.swift; path = ListViewController.swift; sourceTree = "<group>"; };
		27FF113421911D390007217D /* ListTableViewCell.swift */ = {isa = PBXFileReference; lastKnownFileType = sourcecode.swift; path = ListTableViewCell.swift; sourceTree = "<group>"; };
		27FF1136219120500007217D /* UIImageView+Extensions.swift */ = {isa = PBXFileReference; lastKnownFileType = sourcecode.swift; path = "UIImageView+Extensions.swift"; sourceTree = "<group>"; };
		27FF11382191215B0007217D /* UIView+Extension.swift */ = {isa = PBXFileReference; lastKnownFileType = sourcecode.swift; path = "UIView+Extension.swift"; sourceTree = "<group>"; };
		27FF1140219126170007217D /* ExcerciseTests.xctest */ = {isa = PBXFileReference; explicitFileType = wrapper.cfbundle; includeInIndex = 0; path = ExcerciseTests.xctest; sourceTree = BUILT_PRODUCTS_DIR; };
		27FF1142219126170007217D /* ExcerciseTests.swift */ = {isa = PBXFileReference; lastKnownFileType = sourcecode.swift; path = ExcerciseTests.swift; sourceTree = "<group>"; };
		27FF1144219126170007217D /* Info.plist */ = {isa = PBXFileReference; lastKnownFileType = text.plist.xml; path = Info.plist; sourceTree = "<group>"; };
		470EB430609DC01BDAD206BD /* Pods_Excercise.framework */ = {isa = PBXFileReference; explicitFileType = wrapper.framework; includeInIndex = 0; path = Pods_Excercise.framework; sourceTree = BUILT_PRODUCTS_DIR; };
		6DCFAFB1A85A9E6E2A4991F5 /* Pods-Excercise.debug.xcconfig */ = {isa = PBXFileReference; includeInIndex = 1; lastKnownFileType = text.xcconfig; name = "Pods-Excercise.debug.xcconfig"; path = "Pods/Target Support Files/Pods-Excercise/Pods-Excercise.debug.xcconfig"; sourceTree = "<group>"; };
		96913B3737D309702EB0ACCC /* Pods-Excercise.release.xcconfig */ = {isa = PBXFileReference; includeInIndex = 1; lastKnownFileType = text.xcconfig; name = "Pods-Excercise.release.xcconfig"; path = "Pods/Target Support Files/Pods-Excercise/Pods-Excercise.release.xcconfig"; sourceTree = "<group>"; };
		FC77F5322191900400CADB50 /* ExcerciseUITests.xctest */ = {isa = PBXFileReference; explicitFileType = wrapper.cfbundle; includeInIndex = 0; path = ExcerciseUITests.xctest; sourceTree = BUILT_PRODUCTS_DIR; };
		FC77F5342191900500CADB50 /* ExcerciseUITests.swift */ = {isa = PBXFileReference; lastKnownFileType = sourcecode.swift; path = ExcerciseUITests.swift; sourceTree = "<group>"; };
		FC77F5362191900500CADB50 /* Info.plist */ = {isa = PBXFileReference; lastKnownFileType = text.plist.xml; path = Info.plist; sourceTree = "<group>"; };
		FC77F53C21941C8100CADB50 /* ListDesignViewController.swift */ = {isa = PBXFileReference; lastKnownFileType = sourcecode.swift; path = ListDesignViewController.swift; sourceTree = "<group>"; };
		FC77F53E21941E8700CADB50 /* UIView+Anchors.swift */ = {isa = PBXFileReference; lastKnownFileType = sourcecode.swift; path = "UIView+Anchors.swift"; sourceTree = "<group>"; };
		FC77F5402194231100CADB50 /* ListCustomCell.swift */ = {isa = PBXFileReference; lastKnownFileType = sourcecode.swift; path = ListCustomCell.swift; sourceTree = "<group>"; };
/* End PBXFileReference section */

/* Begin PBXFrameworksBuildPhase section */
		27FF10EE21910C040007217D /* Frameworks */ = {
			isa = PBXFrameworksBuildPhase;
			buildActionMask = 2147483647;
			files = (
				1F6147B9E246FC3E67C6A4C7 /* Pods_Excercise.framework in Frameworks */,
			);
			runOnlyForDeploymentPostprocessing = 0;
		};
		27FF113D219126170007217D /* Frameworks */ = {
			isa = PBXFrameworksBuildPhase;
			buildActionMask = 2147483647;
			files = (
			);
			runOnlyForDeploymentPostprocessing = 0;
		};
		FC77F52F2191900400CADB50 /* Frameworks */ = {
			isa = PBXFrameworksBuildPhase;
			buildActionMask = 2147483647;
			files = (
			);
			runOnlyForDeploymentPostprocessing = 0;
		};
/* End PBXFrameworksBuildPhase section */

/* Begin PBXGroup section */
		26BD351CC3AEB4F81E47D277 /* Pods */ = {
			isa = PBXGroup;
			children = (
				6DCFAFB1A85A9E6E2A4991F5 /* Pods-Excercise.debug.xcconfig */,
				96913B3737D309702EB0ACCC /* Pods-Excercise.release.xcconfig */,
			);
			name = Pods;
			sourceTree = "<group>";
		};
		27FF10E821910C040007217D = {
			isa = PBXGroup;
			children = (
				27FF10F321910C040007217D /* Excercise */,
				27FF1141219126170007217D /* ExcerciseTests */,
				FC77F5332191900500CADB50 /* ExcerciseUITests */,
				27FF10F221910C040007217D /* Products */,
				26BD351CC3AEB4F81E47D277 /* Pods */,
				64AE33A0EC9E85B3BBA54138 /* Frameworks */,
			);
			sourceTree = "<group>";
		};
		27FF10F221910C040007217D /* Products */ = {
			isa = PBXGroup;
			children = (
				27FF10F121910C040007217D /* Excercise.app */,
				27FF1140219126170007217D /* ExcerciseTests.xctest */,
				FC77F5322191900400CADB50 /* ExcerciseUITests.xctest */,
			);
			name = Products;
			sourceTree = "<group>";
		};
		27FF10F321910C040007217D /* Excercise */ = {
			isa = PBXGroup;
			children = (
				27FF110C21910DE60007217D /* NetworkManager */,
				27FF110B21910DCE0007217D /* Model */,
				27FF110A21910DBB0007217D /* Controller */,
				27FF110921910DAD0007217D /* ViewModel */,
				27FF110821910DA40007217D /* View */,
				27FF110721910D910007217D /* Extension */,
				27FF10F421910C040007217D /* AppDelegate.swift */,
				27FF110621910C2A0007217D /* SupportingFiles */,
			);
			path = Excercise;
			sourceTree = "<group>";
		};
		27FF110621910C2A0007217D /* SupportingFiles */ = {
			isa = PBXGroup;
			children = (
				27FF10FB21910C110007217D /* Assets.xcassets */,
				27FF10FD21910C110007217D /* LaunchScreen.storyboard */,
				27FF110021910C110007217D /* Info.plist */,
			);
			path = SupportingFiles;
			sourceTree = "<group>";
		};
		27FF110721910D910007217D /* Extension */ = {
			isa = PBXGroup;
			children = (
				27FF1136219120500007217D /* UIImageView+Extensions.swift */,
				27FF11382191215B0007217D /* UIView+Extension.swift */,
				FC77F53E21941E8700CADB50 /* UIView+Anchors.swift */,
			);
			path = Extension;
			sourceTree = "<group>";
		};
		27FF110821910DA40007217D /* View */ = {
			isa = PBXGroup;
			children = (
				27FF10F821910C040007217D /* Main.storyboard */,
			);
			path = View;
			sourceTree = "<group>";
		};
		27FF110921910DAD0007217D /* ViewModel */ = {
			isa = PBXGroup;
			children = (
				27FF112F219117FB0007217D /* ListViewModel.swift */,
			);
			path = ViewModel;
			sourceTree = "<group>";
		};
		27FF110A21910DBB0007217D /* Controller */ = {
			isa = PBXGroup;
			children = (
				27FF113321911D1F0007217D /* Cells */,
				27FF1131219119090007217D /* ListViewController.swift */,
				FC77F53C21941C8100CADB50 /* ListDesignViewController.swift */,
			);
			path = Controller;
			sourceTree = "<group>";
		};
		27FF110B21910DCE0007217D /* Model */ = {
			isa = PBXGroup;
			children = (
				27FF112D219117D30007217D /* ListModel.swift */,
			);
			path = Model;
			sourceTree = "<group>";
		};
		27FF110C21910DE60007217D /* NetworkManager */ = {
			isa = PBXGroup;
			children = (
				27FF111B219114B10007217D /* APIClient.swift */,
				27FF111D2191159C0007217D /* Connectivity.swift */,
			);
			path = NetworkManager;
			sourceTree = "<group>";
		};
		27FF113321911D1F0007217D /* Cells */ = {
			isa = PBXGroup;
			children = (
				27FF113421911D390007217D /* ListTableViewCell.swift */,
				FC77F5402194231100CADB50 /* ListCustomCell.swift */,
			);
			path = Cells;
			sourceTree = "<group>";
		};
		27FF1141219126170007217D /* ExcerciseTests */ = {
			isa = PBXGroup;
			children = (
				27FF1142219126170007217D /* ExcerciseTests.swift */,
				27FF1144219126170007217D /* Info.plist */,
			);
			path = ExcerciseTests;
			sourceTree = "<group>";
		};
		64AE33A0EC9E85B3BBA54138 /* Frameworks */ = {
			isa = PBXGroup;
			children = (
				470EB430609DC01BDAD206BD /* Pods_Excercise.framework */,
			);
			name = Frameworks;
			sourceTree = "<group>";
		};
		FC77F5332191900500CADB50 /* ExcerciseUITests */ = {
			isa = PBXGroup;
			children = (
				FC77F5342191900500CADB50 /* ExcerciseUITests.swift */,
				FC77F5362191900500CADB50 /* Info.plist */,
			);
			path = ExcerciseUITests;
			sourceTree = "<group>";
		};
/* End PBXGroup section */

/* Begin PBXNativeTarget section */
		27FF10F021910C040007217D /* Excercise */ = {
			isa = PBXNativeTarget;
			buildConfigurationList = 27FF110321910C110007217D /* Build configuration list for PBXNativeTarget "Excercise" */;
			buildPhases = (
				BA266F04DF6D306946EBEFCC /* [CP] Check Pods Manifest.lock */,
				27FF10ED21910C040007217D /* Sources */,
				27FF10EE21910C040007217D /* Frameworks */,
				27FF10EF21910C040007217D /* Resources */,
				041ECB8EDD977FD06B0F53B0 /* [CP] Embed Pods Frameworks */,
			);
			buildRules = (
			);
			dependencies = (
			);
			name = Excercise;
			productName = Excercise;
			productReference = 27FF10F121910C040007217D /* Excercise.app */;
			productType = "com.apple.product-type.application";
		};
		27FF113F219126170007217D /* ExcerciseTests */ = {
			isa = PBXNativeTarget;
			buildConfigurationList = 27FF1147219126170007217D /* Build configuration list for PBXNativeTarget "ExcerciseTests" */;
			buildPhases = (
				27FF113C219126170007217D /* Sources */,
				27FF113D219126170007217D /* Frameworks */,
				27FF113E219126170007217D /* Resources */,
			);
			buildRules = (
			);
			dependencies = (
				27FF1146219126170007217D /* PBXTargetDependency */,
			);
			name = ExcerciseTests;
			productName = ExcerciseTests;
			productReference = 27FF1140219126170007217D /* ExcerciseTests.xctest */;
			productType = "com.apple.product-type.bundle.unit-test";
		};
		FC77F5312191900400CADB50 /* ExcerciseUITests */ = {
			isa = PBXNativeTarget;
			buildConfigurationList = FC77F5392191900500CADB50 /* Build configuration list for PBXNativeTarget "ExcerciseUITests" */;
			buildPhases = (
				FC77F52E2191900400CADB50 /* Sources */,
				FC77F52F2191900400CADB50 /* Frameworks */,
				FC77F5302191900400CADB50 /* Resources */,
			);
			buildRules = (
			);
			dependencies = (
				FC77F5382191900500CADB50 /* PBXTargetDependency */,
			);
			name = ExcerciseUITests;
			productName = ExcerciseUITests;
			productReference = FC77F5322191900400CADB50 /* ExcerciseUITests.xctest */;
			productType = "com.apple.product-type.bundle.ui-testing";
		};
/* End PBXNativeTarget section */

/* Begin PBXProject section */
		27FF10E921910C040007217D /* Project object */ = {
			isa = PBXProject;
			attributes = {
				LastSwiftUpdateCheck = 1000;
				LastUpgradeCheck = 1000;
				ORGANIZATIONNAME = "Umesh Verma";
				TargetAttributes = {
					27FF10F021910C040007217D = {
						CreatedOnToolsVersion = 10.0;
					};
					27FF113F219126170007217D = {
						CreatedOnToolsVersion = 10.0;
						TestTargetID = 27FF10F021910C040007217D;
					};
					FC77F5312191900400CADB50 = {
						CreatedOnToolsVersion = 10.0;
						TestTargetID = 27FF10F021910C040007217D;
					};
				};
			};
			buildConfigurationList = 27FF10EC21910C040007217D /* Build configuration list for PBXProject "Excercise" */;
			compatibilityVersion = "Xcode 9.3";
			developmentRegion = en;
			hasScannedForEncodings = 0;
			knownRegions = (
				en,
				Base,
			);
			mainGroup = 27FF10E821910C040007217D;
			productRefGroup = 27FF10F221910C040007217D /* Products */;
			projectDirPath = "";
			projectRoot = "";
			targets = (
				27FF10F021910C040007217D /* Excercise */,
				27FF113F219126170007217D /* ExcerciseTests */,
				FC77F5312191900400CADB50 /* ExcerciseUITests */,
			);
		};
/* End PBXProject section */

/* Begin PBXResourcesBuildPhase section */
		27FF10EF21910C040007217D /* Resources */ = {
			isa = PBXResourcesBuildPhase;
			buildActionMask = 2147483647;
			files = (
				27FF10FF21910C110007217D /* LaunchScreen.storyboard in Resources */,
				27FF10FC21910C110007217D /* Assets.xcassets in Resources */,
				27FF10FA21910C040007217D /* Main.storyboard in Resources */,
			);
			runOnlyForDeploymentPostprocessing = 0;
		};
		27FF113E219126170007217D /* Resources */ = {
			isa = PBXResourcesBuildPhase;
			buildActionMask = 2147483647;
			files = (
			);
			runOnlyForDeploymentPostprocessing = 0;
		};
		FC77F5302191900400CADB50 /* Resources */ = {
			isa = PBXResourcesBuildPhase;
			buildActionMask = 2147483647;
			files = (
			);
			runOnlyForDeploymentPostprocessing = 0;
		};
/* End PBXResourcesBuildPhase section */

/* Begin PBXShellScriptBuildPhase section */
		041ECB8EDD977FD06B0F53B0 /* [CP] Embed Pods Frameworks */ = {
			isa = PBXShellScriptBuildPhase;
			buildActionMask = 2147483647;
			files = (
			);
			inputPaths = (
				"${SRCROOT}/Pods/Target Support Files/Pods-Excercise/Pods-Excercise-frameworks.sh",
				"${BUILT_PRODUCTS_DIR}/Alamofire/Alamofire.framework",
				"${BUILT_PRODUCTS_DIR}/SwiftyJSON/SwiftyJSON.framework",
			);
			name = "[CP] Embed Pods Frameworks";
			outputPaths = (
				"${TARGET_BUILD_DIR}/${FRAMEWORKS_FOLDER_PATH}/Alamofire.framework",
				"${TARGET_BUILD_DIR}/${FRAMEWORKS_FOLDER_PATH}/SwiftyJSON.framework",
			);
			runOnlyForDeploymentPostprocessing = 0;
			shellPath = /bin/sh;
			shellScript = "\"${SRCROOT}/Pods/Target Support Files/Pods-Excercise/Pods-Excercise-frameworks.sh\"\n";
			showEnvVarsInLog = 0;
		};
		BA266F04DF6D306946EBEFCC /* [CP] Check Pods Manifest.lock */ = {
			isa = PBXShellScriptBuildPhase;
			buildActionMask = 2147483647;
			files = (
			);
			inputPaths = (
				"${PODS_PODFILE_DIR_PATH}/Podfile.lock",
				"${PODS_ROOT}/Manifest.lock",
			);
			name = "[CP] Check Pods Manifest.lock";
			outputPaths = (
				"$(DERIVED_FILE_DIR)/Pods-Excercise-checkManifestLockResult.txt",
			);
			runOnlyForDeploymentPostprocessing = 0;
			shellPath = /bin/sh;
			shellScript = "diff \"${PODS_PODFILE_DIR_PATH}/Podfile.lock\" \"${PODS_ROOT}/Manifest.lock\" > /dev/null\nif [ $? != 0 ] ; then\n    # print error to STDERR\n    echo \"error: The sandbox is not in sync with the Podfile.lock. Run 'pod install' or update your CocoaPods installation.\" >&2\n    exit 1\nfi\n# This output is used by Xcode 'outputs' to avoid re-running this script phase.\necho \"SUCCESS\" > \"${SCRIPT_OUTPUT_FILE_0}\"\n";
			showEnvVarsInLog = 0;
		};
/* End PBXShellScriptBuildPhase section */

/* Begin PBXSourcesBuildPhase section */
		27FF10ED21910C040007217D /* Sources */ = {
			isa = PBXSourcesBuildPhase;
			buildActionMask = 2147483647;
			files = (
				FC77F53F21941E8700CADB50 /* UIView+Anchors.swift in Sources */,
				27FF111E2191159C0007217D /* Connectivity.swift in Sources */,
				27FF113521911D390007217D /* ListTableViewCell.swift in Sources */,
				27FF1130219117FB0007217D /* ListViewModel.swift in Sources */,
				27FF11392191215B0007217D /* UIView+Extension.swift in Sources */,
				27FF10F521910C040007217D /* AppDelegate.swift in Sources */,
				27FF111C219114B10007217D /* APIClient.swift in Sources */,
				FC77F53D21941C8100CADB50 /* ListDesignViewController.swift in Sources */,
				27FF112E219117D30007217D /* ListModel.swift in Sources */,
				27FF1137219120500007217D /* UIImageView+Extensions.swift in Sources */,
				FC77F5412194231100CADB50 /* ListCustomCell.swift in Sources */,
				27FF1132219119090007217D /* ListViewController.swift in Sources */,
			);
			runOnlyForDeploymentPostprocessing = 0;
		};
		27FF113C219126170007217D /* Sources */ = {
			isa = PBXSourcesBuildPhase;
			buildActionMask = 2147483647;
			files = (
				27FF1143219126170007217D /* ExcerciseTests.swift in Sources */,
			);
			runOnlyForDeploymentPostprocessing = 0;
		};
		FC77F52E2191900400CADB50 /* Sources */ = {
			isa = PBXSourcesBuildPhase;
			buildActionMask = 2147483647;
			files = (
				FC77F5352191900500CADB50 /* ExcerciseUITests.swift in Sources */,
			);
			runOnlyForDeploymentPostprocessing = 0;
		};
/* End PBXSourcesBuildPhase section */

/* Begin PBXTargetDependency section */
		27FF1146219126170007217D /* PBXTargetDependency */ = {
			isa = PBXTargetDependency;
			target = 27FF10F021910C040007217D /* Excercise */;
			targetProxy = 27FF1145219126170007217D /* PBXContainerItemProxy */;
		};
		FC77F5382191900500CADB50 /* PBXTargetDependency */ = {
			isa = PBXTargetDependency;
			target = 27FF10F021910C040007217D /* Excercise */;
			targetProxy = FC77F5372191900500CADB50 /* PBXContainerItemProxy */;
		};
/* End PBXTargetDependency section */

/* Begin PBXVariantGroup section */
		27FF10F821910C040007217D /* Main.storyboard */ = {
			isa = PBXVariantGroup;
			children = (
				27FF10F921910C040007217D /* Base */,
			);
			name = Main.storyboard;
			sourceTree = "<group>";
		};
		27FF10FD21910C110007217D /* LaunchScreen.storyboard */ = {
			isa = PBXVariantGroup;
			children = (
				27FF10FE21910C110007217D /* Base */,
			);
			name = LaunchScreen.storyboard;
			sourceTree = "<group>";
		};
/* End PBXVariantGroup section */

/* Begin XCBuildConfiguration section */
		27FF110121910C110007217D /* Debug */ = {
			isa = XCBuildConfiguration;
			buildSettings = {
				ALWAYS_SEARCH_USER_PATHS = NO;
				CLANG_ANALYZER_NONNULL = YES;
				CLANG_ANALYZER_NUMBER_OBJECT_CONVERSION = YES_AGGRESSIVE;
				CLANG_CXX_LANGUAGE_STANDARD = "gnu++14";
				CLANG_CXX_LIBRARY = "libc++";
				CLANG_ENABLE_MODULES = YES;
				CLANG_ENABLE_OBJC_ARC = YES;
				CLANG_ENABLE_OBJC_WEAK = YES;
				CLANG_WARN_BLOCK_CAPTURE_AUTORELEASING = YES;
				CLANG_WARN_BOOL_CONVERSION = YES;
				CLANG_WARN_COMMA = YES;
				CLANG_WARN_CONSTANT_CONVERSION = YES;
				CLANG_WARN_DEPRECATED_OBJC_IMPLEMENTATIONS = YES;
				CLANG_WARN_DIRECT_OBJC_ISA_USAGE = YES_ERROR;
				CLANG_WARN_DOCUMENTATION_COMMENTS = YES;
				CLANG_WARN_EMPTY_BODY = YES;
				CLANG_WARN_ENUM_CONVERSION = YES;
				CLANG_WARN_INFINITE_RECURSION = YES;
				CLANG_WARN_INT_CONVERSION = YES;
				CLANG_WARN_NON_LITERAL_NULL_CONVERSION = YES;
				CLANG_WARN_OBJC_IMPLICIT_RETAIN_SELF = YES;
				CLANG_WARN_OBJC_LITERAL_CONVERSION = YES;
				CLANG_WARN_OBJC_ROOT_CLASS = YES_ERROR;
				CLANG_WARN_RANGE_LOOP_ANALYSIS = YES;
				CLANG_WARN_STRICT_PROTOTYPES = YES;
				CLANG_WARN_SUSPICIOUS_MOVE = YES;
				CLANG_WARN_UNGUARDED_AVAILABILITY = YES_AGGRESSIVE;
				CLANG_WARN_UNREACHABLE_CODE = YES;
				CLANG_WARN__DUPLICATE_METHOD_MATCH = YES;
				CODE_SIGN_IDENTITY = "iPhone Developer";
				COPY_PHASE_STRIP = NO;
				DEBUG_INFORMATION_FORMAT = dwarf;
				ENABLE_STRICT_OBJC_MSGSEND = YES;
				ENABLE_TESTABILITY = YES;
				GCC_C_LANGUAGE_STANDARD = gnu11;
				GCC_DYNAMIC_NO_PIC = NO;
				GCC_NO_COMMON_BLOCKS = YES;
				GCC_OPTIMIZATION_LEVEL = 0;
				GCC_PREPROCESSOR_DEFINITIONS = (
					"DEBUG=1",
					"$(inherited)",
				);
				GCC_WARN_64_TO_32_BIT_CONVERSION = YES;
				GCC_WARN_ABOUT_RETURN_TYPE = YES_ERROR;
				GCC_WARN_UNDECLARED_SELECTOR = YES;
				GCC_WARN_UNINITIALIZED_AUTOS = YES_AGGRESSIVE;
				GCC_WARN_UNUSED_FUNCTION = YES;
				GCC_WARN_UNUSED_VARIABLE = YES;
				IPHONEOS_DEPLOYMENT_TARGET = 12.0;
				MTL_ENABLE_DEBUG_INFO = INCLUDE_SOURCE;
				MTL_FAST_MATH = YES;
				ONLY_ACTIVE_ARCH = YES;
				SDKROOT = iphoneos;
				SWIFT_ACTIVE_COMPILATION_CONDITIONS = DEBUG;
				SWIFT_OPTIMIZATION_LEVEL = "-Onone";
			};
			name = Debug;
		};
		27FF110221910C110007217D /* Release */ = {
			isa = XCBuildConfiguration;
			buildSettings = {
				ALWAYS_SEARCH_USER_PATHS = NO;
				CLANG_ANALYZER_NONNULL = YES;
				CLANG_ANALYZER_NUMBER_OBJECT_CONVERSION = YES_AGGRESSIVE;
				CLANG_CXX_LANGUAGE_STANDARD = "gnu++14";
				CLANG_CXX_LIBRARY = "libc++";
				CLANG_ENABLE_MODULES = YES;
				CLANG_ENABLE_OBJC_ARC = YES;
				CLANG_ENABLE_OBJC_WEAK = YES;
				CLANG_WARN_BLOCK_CAPTURE_AUTORELEASING = YES;
				CLANG_WARN_BOOL_CONVERSION = YES;
				CLANG_WARN_COMMA = YES;
				CLANG_WARN_CONSTANT_CONVERSION = YES;
				CLANG_WARN_DEPRECATED_OBJC_IMPLEMENTATIONS = YES;
				CLANG_WARN_DIRECT_OBJC_ISA_USAGE = YES_ERROR;
				CLANG_WARN_DOCUMENTATION_COMMENTS = YES;
				CLANG_WARN_EMPTY_BODY = YES;
				CLANG_WARN_ENUM_CONVERSION = YES;
				CLANG_WARN_INFINITE_RECURSION = YES;
				CLANG_WARN_INT_CONVERSION = YES;
				CLANG_WARN_NON_LITERAL_NULL_CONVERSION = YES;
				CLANG_WARN_OBJC_IMPLICIT_RETAIN_SELF = YES;
				CLANG_WARN_OBJC_LITERAL_CONVERSION = YES;
				CLANG_WARN_OBJC_ROOT_CLASS = YES_ERROR;
				CLANG_WARN_RANGE_LOOP_ANALYSIS = YES;
				CLANG_WARN_STRICT_PROTOTYPES = YES;
				CLANG_WARN_SUSPICIOUS_MOVE = YES;
				CLANG_WARN_UNGUARDED_AVAILABILITY = YES_AGGRESSIVE;
				CLANG_WARN_UNREACHABLE_CODE = YES;
				CLANG_WARN__DUPLICATE_METHOD_MATCH = YES;
				CODE_SIGN_IDENTITY = "iPhone Developer";
				COPY_PHASE_STRIP = NO;
				DEBUG_INFORMATION_FORMAT = "dwarf-with-dsym";
				ENABLE_NS_ASSERTIONS = NO;
				ENABLE_STRICT_OBJC_MSGSEND = YES;
				GCC_C_LANGUAGE_STANDARD = gnu11;
				GCC_NO_COMMON_BLOCKS = YES;
				GCC_WARN_64_TO_32_BIT_CONVERSION = YES;
				GCC_WARN_ABOUT_RETURN_TYPE = YES_ERROR;
				GCC_WARN_UNDECLARED_SELECTOR = YES;
				GCC_WARN_UNINITIALIZED_AUTOS = YES_AGGRESSIVE;
				GCC_WARN_UNUSED_FUNCTION = YES;
				GCC_WARN_UNUSED_VARIABLE = YES;
				IPHONEOS_DEPLOYMENT_TARGET = 12.0;
				MTL_ENABLE_DEBUG_INFO = NO;
				MTL_FAST_MATH = YES;
				SDKROOT = iphoneos;
				SWIFT_COMPILATION_MODE = wholemodule;
				SWIFT_OPTIMIZATION_LEVEL = "-O";
				VALIDATE_PRODUCT = YES;
			};
			name = Release;
		};
		27FF110421910C110007217D /* Debug */ = {
			isa = XCBuildConfiguration;
			baseConfigurationReference = 6DCFAFB1A85A9E6E2A4991F5 /* Pods-Excercise.debug.xcconfig */;
			buildSettings = {
				ASSETCATALOG_COMPILER_APPICON_NAME = AppIcon;
				CODE_SIGN_STYLE = Automatic;
				INFOPLIST_FILE = "$(SRCROOT)/Excercise/SupportingFiles/Info.plist";
				IPHONEOS_DEPLOYMENT_TARGET = 11.0;
				LD_RUNPATH_SEARCH_PATHS = (
					"$(inherited)",
					"@executable_path/Frameworks",
				);
				PRODUCT_BUNDLE_IDENTIFIER = com.umesh.Excercise;
				PRODUCT_NAME = "$(TARGET_NAME)";
				SWIFT_VERSION = 4.0;
				TARGETED_DEVICE_FAMILY = "1,2";
			};
			name = Debug;
		};
		27FF110521910C110007217D /* Release */ = {
			isa = XCBuildConfiguration;
			baseConfigurationReference = 96913B3737D309702EB0ACCC /* Pods-Excercise.release.xcconfig */;
			buildSettings = {
				ASSETCATALOG_COMPILER_APPICON_NAME = AppIcon;
				CODE_SIGN_STYLE = Automatic;
				INFOPLIST_FILE = "$(SRCROOT)/Excercise/SupportingFiles/Info.plist";
				IPHONEOS_DEPLOYMENT_TARGET = 11.0;
				LD_RUNPATH_SEARCH_PATHS = (
					"$(inherited)",
					"@executable_path/Frameworks",
				);
				PRODUCT_BUNDLE_IDENTIFIER = com.umesh.Excercise;
				PRODUCT_NAME = "$(TARGET_NAME)";
				SWIFT_VERSION = 4.0;
				TARGETED_DEVICE_FAMILY = "1,2";
			};
			name = Release;
		};
		27FF1148219126170007217D /* Debug */ = {
			isa = XCBuildConfiguration;
			buildSettings = {
				BUNDLE_LOADER = "$(TEST_HOST)";
				CODE_SIGN_STYLE = Automatic;
				INFOPLIST_FILE = ExcerciseTests/Info.plist;
				LD_RUNPATH_SEARCH_PATHS = (
					"$(inherited)",
					"@executable_path/Frameworks",
					"@loader_path/Frameworks",
				);
				PRODUCT_BUNDLE_IDENTIFIER = com.umesh.ExcerciseTests;
				PRODUCT_NAME = "$(TARGET_NAME)";
				SWIFT_VERSION = 4.0;
				TARGETED_DEVICE_FAMILY = "1,2";
				TEST_HOST = "$(BUILT_PRODUCTS_DIR)/Excercise.app/Excercise";
			};
			name = Debug;
		};
		27FF1149219126170007217D /* Release */ = {
			isa = XCBuildConfiguration;
			buildSettings = {
				BUNDLE_LOADER = "$(TEST_HOST)";
				CODE_SIGN_STYLE = Automatic;
				INFOPLIST_FILE = ExcerciseTests/Info.plist;
				LD_RUNPATH_SEARCH_PATHS = (
					"$(inherited)",
					"@executable_path/Frameworks",
					"@loader_path/Frameworks",
				);
				PRODUCT_BUNDLE_IDENTIFIER = com.umesh.ExcerciseTests;
				PRODUCT_NAME = "$(TARGET_NAME)";
				SWIFT_VERSION = 4.0;
				TARGETED_DEVICE_FAMILY = "1,2";
				TEST_HOST = "$(BUILT_PRODUCTS_DIR)/Excercise.app/Excercise";
			};
			name = Release;
		};
		FC77F53A2191900500CADB50 /* Debug */ = {
			isa = XCBuildConfiguration;
			buildSettings = {
				CODE_SIGN_STYLE = Automatic;
				INFOPLIST_FILE = ExcerciseUITests/Info.plist;
				LD_RUNPATH_SEARCH_PATHS = (
					"$(inherited)",
					"@executable_path/Frameworks",
					"@loader_path/Frameworks",
				);
				PRODUCT_BUNDLE_IDENTIFIER = com.umesh.ExcerciseUITests;
				PRODUCT_NAME = "$(TARGET_NAME)";
				SWIFT_VERSION = 4.2;
				TARGETED_DEVICE_FAMILY = "1,2";
				TEST_TARGET_NAME = Excercise;
			};
			name = Debug;
		};
		FC77F53B2191900500CADB50 /* Release */ = {
			isa = XCBuildConfiguration;
			buildSettings = {
				CODE_SIGN_STYLE = Automatic;
				INFOPLIST_FILE = ExcerciseUITests/Info.plist;
				LD_RUNPATH_SEARCH_PATHS = (
					"$(inherited)",
					"@executable_path/Frameworks",
					"@loader_path/Frameworks",
				);
				PRODUCT_BUNDLE_IDENTIFIER = com.umesh.ExcerciseUITests;
				PRODUCT_NAME = "$(TARGET_NAME)";
				SWIFT_VERSION = 4.2;
				TARGETED_DEVICE_FAMILY = "1,2";
				TEST_TARGET_NAME = Excercise;
			};
			name = Release;
		};
/* End XCBuildConfiguration section */

/* Begin XCConfigurationList section */
		27FF10EC21910C040007217D /* Build configuration list for PBXProject "Excercise" */ = {
			isa = XCConfigurationList;
			buildConfigurations = (
				27FF110121910C110007217D /* Debug */,
				27FF110221910C110007217D /* Release */,
			);
			defaultConfigurationIsVisible = 0;
			defaultConfigurationName = Release;
		};
		27FF110321910C110007217D /* Build configuration list for PBXNativeTarget "Excercise" */ = {
			isa = XCConfigurationList;
			buildConfigurations = (
				27FF110421910C110007217D /* Debug */,
				27FF110521910C110007217D /* Release */,
			);
			defaultConfigurationIsVisible = 0;
			defaultConfigurationName = Release;
		};
		27FF1147219126170007217D /* Build configuration list for PBXNativeTarget "ExcerciseTests" */ = {
			isa = XCConfigurationList;
			buildConfigurations = (
				27FF1148219126170007217D /* Debug */,
				27FF1149219126170007217D /* Release */,
			);
			defaultConfigurationIsVisible = 0;
			defaultConfigurationName = Release;
		};
		FC77F5392191900500CADB50 /* Build configuration list for PBXNativeTarget "ExcerciseUITests" */ = {
			isa = XCConfigurationList;
			buildConfigurations = (
				FC77F53A2191900500CADB50 /* Debug */,
				FC77F53B2191900500CADB50 /* Release */,
			);
			defaultConfigurationIsVisible = 0;
			defaultConfigurationName = Release;
		};
/* End XCConfigurationList section */
	};
	rootObject = 27FF10E921910C040007217D /* Project object */;
}
